
Microsoft Visual Studio Solution File, Format Version 11.00
# Visual Studio 2010
Project("{FAE04EC0-301F-11D3-BF4B-00C04F79EFBC}") = "RealtimeLeaderboards", "Assembly-CSharp.csproj", "{FC8E5894-765C-333A-5E19-1AE80CFE7C88}"
EndProject
Project("{FAE04EC0-301F-11D3-BF4B-00C04F79EFBC}") = "RealtimeLeaderboards", "Assembly-CSharp-Editor.csproj", "{A2EE5790-F23A-6E8F-1EE0-04C7BE7FA6B9}"
EndProject
Global
	GlobalSection(SolutionConfigurationPlatforms) = preSolution
		Debug|Any CPU = Debug|Any CPU
		Release|Any CPU = Release|Any CPU
	EndGlobalSection
	GlobalSection(ProjectConfigurationPlatforms) = postSolution
		{FC8E5894-765C-333A-5E19-1AE80CFE7C88}.Debug|Any CPU.ActiveCfg = Debug|Any CPU
		{FC8E5894-765C-333A-5E19-1AE80CFE7C88}.Debug|Any CPU.Build.0 = Debug|Any CPU
		{FC8E5894-765C-333A-5E19-1AE80CFE7C88}.Release|Any CPU.ActiveCfg = Release|Any CPU
		{FC8E5894-765C-333A-5E19-1AE80CFE7C88}.Release|Any CPU.Build.0 = Release|Any CPU
		{A2EE5790-F23A-6E8F-1EE0-04C7BE7FA6B9}.Debug|Any CPU.ActiveCfg = Debug|Any CPU
		{A2EE5790-F23A-6E8F-1EE0-04C7BE7FA6B9}.Debug|Any CPU.Build.0 = Debug|Any CPU
		{A2EE5790-F23A-6E8F-1EE0-04C7BE7FA6B9}.Release|Any CPU.ActiveCfg = Release|Any CPU
		{A2EE5790-F23A-6E8F-1EE0-04C7BE7FA6B9}.Release|Any CPU.Build.0 = Release|Any CPU
	EndGlobalSection
	GlobalSection(SolutionProperties) = preSolution
		HideSolutionNode = FALSE
	EndGlobalSection
	GlobalSection(MonoDevelopProperties) = preSolution
		StartupItem = Assembly-CSharp.csproj
	EndGlobalSection
EndGlobal
